
Microsoft Visual Studio Solution File, Format Version 12.00
# Visual Studio Version 17
VisualStudioVersion = 17.6.33815.320
MinimumVisualStudioVersion = 10.0.40219.1
Project("{FAE04EC0-301F-11D3-BF4B-00C04F79EFBC}") = "Fluent.Api", "Fluent.Api\Fluent.Api.csproj", "{57D946A7-CEEF-4C54-8485-586E7CD7F4DD}"
EndProject
Project("{FAE04EC0-301F-11D3-BF4B-00C04F79EFBC}") = "Fluent.Data", "Fluent.Data\Fluent.Data.csproj", "{B286345D-FFA5-44F4-B0E3-F4ADB9C19538}"
EndProject
Project("{FAE04EC0-301F-11D3-BF4B-00C04F79EFBC}") = "Fluent.Domain", "Fluent.Domain\Fluent.Domain.csproj", "{63E04CD6-984A-451E-9125-D029021914C8}"
EndProject
Global
	GlobalSection(SolutionConfigurationPlatforms) = preSolution
		Debug|Any CPU = Debug|Any CPU
		Release|Any CPU = Release|Any CPU
	EndGlobalSection
	GlobalSection(ProjectConfigurationPlatforms) = postSolution
		{57D946A7-CEEF-4C54-8485-586E7CD7F4DD}.Debug|Any CPU.ActiveCfg = Debug|Any CPU
		{57D946A7-CEEF-4C54-8485-586E7CD7F4DD}.Debug|Any CPU.Build.0 = Debug|Any CPU
		{57D946A7-CEEF-4C54-8485-586E7CD7F4DD}.Release|Any CPU.ActiveCfg = Release|Any CPU
		{57D946A7-CEEF-4C54-8485-586E7CD7F4DD}.Release|Any CPU.Build.0 = Release|Any CPU
		{B286345D-FFA5-44F4-B0E3-F4ADB9C19538}.Debug|Any CPU.ActiveCfg = Debug|Any CPU
		{B286345D-FFA5-44F4-B0E3-F4ADB9C19538}.Debug|Any CPU.Build.0 = Debug|Any CPU
		{B286345D-FFA5-44F4-B0E3-F4ADB9C19538}.Release|Any CPU.ActiveCfg = Release|Any CPU
		{B286345D-FFA5-44F4-B0E3-F4ADB9C19538}.Release|Any CPU.Build.0 = Release|Any CPU
		{63E04CD6-984A-451E-9125-D029021914C8}.Debug|Any CPU.ActiveCfg = Debug|Any CPU
		{63E04CD6-984A-451E-9125-D029021914C8}.Debug|Any CPU.Build.0 = Debug|Any CPU
		{63E04CD6-984A-451E-9125-D029021914C8}.Release|Any CPU.ActiveCfg = Release|Any CPU
		{63E04CD6-984A-451E-9125-D029021914C8}.Release|Any CPU.Build.0 = Release|Any CPU
	EndGlobalSection
	GlobalSection(SolutionProperties) = preSolution
		HideSolutionNode = FALSE
	EndGlobalSection
	GlobalSection(ExtensibilityGlobals) = postSolution
		SolutionGuid = {0D920C7F-EE5A-4263-BC5E-F04FC22AF8DA}
	EndGlobalSection
EndGlobal
